// !$*UTF8*$!
{
	archiveVersion = 1;
	classes = {
	};
	objectVersion = 50;
	objects = {

/* Begin PBXBuildFile section */
		5E2FA858223F052E00EB0280 /* AppDelegate.swift in Sources */ = {isa = PBXBuildFile; fileRef = 5E2FA857223F052E00EB0280 /* AppDelegate.swift */; };
		5E2FA85A223F052E00EB0280 /* GameplayViewController.swift in Sources */ = {isa = PBXBuildFile; fileRef = 5E2FA859223F052E00EB0280 /* GameplayViewController.swift */; };
		5E2FA85D223F052E00EB0280 /* Main.storyboard in Resources */ = {isa = PBXBuildFile; fileRef = 5E2FA85B223F052E00EB0280 /* Main.storyboard */; };
		5E2FA85F223F053000EB0280 /* Assets.xcassets in Resources */ = {isa = PBXBuildFile; fileRef = 5E2FA85E223F053000EB0280 /* Assets.xcassets */; };
		5E2FA862223F053000EB0280 /* LaunchScreen.storyboard in Resources */ = {isa = PBXBuildFile; fileRef = 5E2FA860223F053000EB0280 /* LaunchScreen.storyboard */; };
		5E2FA86D223F12F200EB0280 /* CardModel.swift in Sources */ = {isa = PBXBuildFile; fileRef = 5E2FA86C223F12F200EB0280 /* CardModel.swift */; };
		5E2FA86F223F13EF00EB0280 /* Card.swift in Sources */ = {isa = PBXBuildFile; fileRef = 5E2FA86E223F13EF00EB0280 /* Card.swift */; };
		5E2FA871223F1BC000EB0280 /* CardCollectionViewCell.swift in Sources */ = {isa = PBXBuildFile; fileRef = 5E2FA870223F1BC000EB0280 /* CardCollectionViewCell.swift */; };
		5E5C0710223F4E8000499084 /* GothamRoundedMedium_21022.ttf in Resources */ = {isa = PBXBuildFile; fileRef = 5E5C070F223F4E7F00499084 /* GothamRoundedMedium_21022.ttf */; };
		5E5C0712223F533B00499084 /* LobbyViewController.swift in Sources */ = {isa = PBXBuildFile; fileRef = 5E5C0711223F533B00499084 /* LobbyViewController.swift */; };
		5E8BA41F223FCFA10072A41C /* memory_game_screenshot.png in Resources */ = {isa = PBXBuildFile; fileRef = 5E8BA41E223FCFA10072A41C /* memory_game_screenshot.png */; };
/* End PBXBuildFile section */

/* Begin PBXFileReference section */
		5E2FA854223F052E00EB0280 /* Memory Game.app */ = {isa = PBXFileReference; explicitFileType = wrapper.application; includeInIndex = 0; path = "Memory Game.app"; sourceTree = BUILT_PRODUCTS_DIR; };
		5E2FA857223F052E00EB0280 /* AppDelegate.swift */ = {isa = PBXFileReference; lastKnownFileType = sourcecode.swift; path = AppDelegate.swift; sourceTree = "<group>"; };
		5E2FA859223F052E00EB0280 /* GameplayViewController.swift */ = {isa = PBXFileReference; lastKnownFileType = sourcecode.swift; path = GameplayViewController.swift; sourceTree = "<group>"; };
		5E2FA85C223F052E00EB0280 /* Base */ = {isa = PBXFileReference; lastKnownFileType = file.storyboard; name = Base; path = Base.lproj/Main.storyboard; sourceTree = "<group>"; };
		5E2FA85E223F053000EB0280 /* Assets.xcassets */ = {isa = PBXFileReference; lastKnownFileType = folder.assetcatalog; path = Assets.xcassets; sourceTree = "<group>"; };
		5E2FA861223F053000EB0280 /* Base */ = {isa = PBXFileReference; lastKnownFileType = file.storyboard; name = Base; path = Base.lproj/LaunchScreen.storyboard; sourceTree = "<group>"; };
		5E2FA863223F053000EB0280 /* Info.plist */ = {isa = PBXFileReference; lastKnownFileType = text.plist.xml; path = Info.plist; sourceTree = "<group>"; };
		5E2FA86C223F12F200EB0280 /* CardModel.swift */ = {isa = PBXFileReference; lastKnownFileType = sourcecode.swift; path = CardModel.swift; sourceTree = "<group>"; };
		5E2FA86E223F13EF00EB0280 /* Card.swift */ = {isa = PBXFileReference; lastKnownFileType = sourcecode.swift; path = Card.swift; sourceTree = "<group>"; };
		5E2FA870223F1BC000EB0280 /* CardCollectionViewCell.swift */ = {isa = PBXFileReference; lastKnownFileType = sourcecode.swift; path = CardCollectionViewCell.swift; sourceTree = "<group>"; };
		5E5C070F223F4E7F00499084 /* GothamRoundedMedium_21022.ttf */ = {isa = PBXFileReference; lastKnownFileType = file; path = GothamRoundedMedium_21022.ttf; sourceTree = "<group>"; };
		5E5C0711223F533B00499084 /* LobbyViewController.swift */ = {isa = PBXFileReference; lastKnownFileType = sourcecode.swift; path = LobbyViewController.swift; sourceTree = "<group>"; };
		5E8BA41E223FCFA10072A41C /* memory_game_screenshot.png */ = {isa = PBXFileReference; lastKnownFileType = image.png; path = memory_game_screenshot.png; sourceTree = "<group>"; };
/* End PBXFileReference section */

/* Begin PBXFrameworksBuildPhase section */
		5E2FA851223F052E00EB0280 /* Frameworks */ = {
			isa = PBXFrameworksBuildPhase;
			buildActionMask = 2147483647;
			files = (
			);
			runOnlyForDeploymentPostprocessing = 0;
		};
/* End PBXFrameworksBuildPhase section */

/* Begin PBXGroup section */
		5E2FA84B223F052E00EB0280 = {
			isa = PBXGroup;
			children = (
				5E2FA856223F052E00EB0280 /* Memory Game */,
				5E2FA855223F052E00EB0280 /* Products */,
			);
			sourceTree = "<group>";
		};
		5E2FA855223F052E00EB0280 /* Products */ = {
			isa = PBXGroup;
			children = (
				5E2FA854223F052E00EB0280 /* Memory Game.app */,
			);
			name = Products;
			sourceTree = "<group>";
		};
		5E2FA856223F052E00EB0280 /* Memory Game */ = {
			isa = PBXGroup;
			children = (
				5E8BA41D223FCF640072A41C /* images */,
				5E2FA857223F052E00EB0280 /* AppDelegate.swift */,
				5E2FA86C223F12F200EB0280 /* CardModel.swift */,
				5E2FA86E223F13EF00EB0280 /* Card.swift */,
				5E2FA870223F1BC000EB0280 /* CardCollectionViewCell.swift */,
				5E2FA859223F052E00EB0280 /* GameplayViewController.swift */,
				5E5C0711223F533B00499084 /* LobbyViewController.swift */,
				5E2FA85B223F052E00EB0280 /* Main.storyboard */,
				5E2FA85E223F053000EB0280 /* Assets.xcassets */,
				5E2FA860223F053000EB0280 /* LaunchScreen.storyboard */,
				5E5C070F223F4E7F00499084 /* GothamRoundedMedium_21022.ttf */,
				5E2FA863223F053000EB0280 /* Info.plist */,
			);
			path = "Memory Game";
			sourceTree = "<group>";
		};
		5E8BA41D223FCF640072A41C /* images */ = {
			isa = PBXGroup;
			children = (
				5E8BA41E223FCFA10072A41C /* memory_game_screenshot.png */,
			);
			path = images;
			sourceTree = "<group>";
		};
/* End PBXGroup section */

/* Begin PBXNativeTarget section */
		5E2FA853223F052E00EB0280 /* Memory Game */ = {
			isa = PBXNativeTarget;
			buildConfigurationList = 5E2FA866223F053000EB0280 /* Build configuration list for PBXNativeTarget "Memory Game" */;
			buildPhases = (
				5E2FA850223F052E00EB0280 /* Sources */,
				5E2FA851223F052E00EB0280 /* Frameworks */,
				5E2FA852223F052E00EB0280 /* Resources */,
			);
			buildRules = (
			);
			dependencies = (
			);
			name = "Memory Game";
			productName = "Memory Game";
			productReference = 5E2FA854223F052E00EB0280 /* Memory Game.app */;
			productType = "com.apple.product-type.application";
		};
/* End PBXNativeTarget section */

/* Begin PBXProject section */
		5E2FA84C223F052E00EB0280 /* Project object */ = {
			isa = PBXProject;
			attributes = {
				LastSwiftUpdateCheck = 1010;
				LastUpgradeCheck = 1010;
				ORGANIZATIONNAME = "Jamey Davis";
				TargetAttributes = {
					5E2FA853223F052E00EB0280 = {
						CreatedOnToolsVersion = 10.1;
					};
				};
			};
			buildConfigurationList = 5E2FA84F223F052E00EB0280 /* Build configuration list for PBXProject "Memory Game" */;
			compatibilityVersion = "Xcode 9.3";
			developmentRegion = en;
			hasScannedForEncodings = 0;
			knownRegions = (
				en,
				Base,
			);
			mainGroup = 5E2FA84B223F052E00EB0280;
			productRefGroup = 5E2FA855223F052E00EB0280 /* Products */;
			projectDirPath = "";
			projectRoot = "";
			targets = (
				5E2FA853223F052E00EB0280 /* Memory Game */,
			);
		};
/* End PBXProject section */

/* Begin PBXResourcesBuildPhase section */
		5E2FA852223F052E00EB0280 /* Resources */ = {
			isa = PBXResourcesBuildPhase;
			buildActionMask = 2147483647;
			files = (
				5E2FA862223F053000EB0280 /* LaunchScreen.storyboard in Resources */,
				5E5C0710223F4E8000499084 /* GothamRoundedMedium_21022.ttf in Resources */,
				5E2FA85F223F053000EB0280 /* Assets.xcassets in Resources */,
				5E8BA41F223FCFA10072A41C /* memory_game_screenshot.png in Resources */,
				5E2FA85D223F052E00EB0280 /* Main.storyboard in Resources */,
			);
			runOnlyForDeploymentPostprocessing = 0;
		};
/* End PBXResourcesBuildPhase section */

/* Begin PBXSourcesBuildPhase section */
		5E2FA850223F052E00EB0280 /* Sources */ = {
			isa = PBXSourcesBuildPhase;
			buildActionMask = 2147483647;
			files = (
				5E2FA85A223F052E00EB0280 /* GameplayViewController.swift in Sources */,
				5E2FA858223F052E00EB0280 /* AppDelegate.swift in Sources */,
				5E2FA86D223F12F200EB0280 /* CardModel.swift in Sources */,
				5E5C0712223F533B00499084 /* LobbyViewController.swift in Sources */,
				5E2FA871223F1BC000EB0280 /* CardCollectionViewCell.swift in Sources */,
				5E2FA86F223F13EF00EB0280 /* Card.swift in Sources */,
			);
			runOnlyForDeploymentPostprocessing = 0;
		};
/* End PBXSourcesBuildPhase section */

/* Begin PBXVariantGroup section */
		5E2FA85B223F052E00EB0280 /* Main.storyboard */ = {
			isa = PBXVariantGroup;
			children = (
				5E2FA85C223F052E00EB0280 /* Base */,
			);
			name = Main.storyboard;
			sourceTree = "<group>";
		};
		5E2FA860223F053000EB0280 /* LaunchScreen.storyboard */ = {
			isa = PBXVariantGroup;
			children = (
				5E2FA861223F053000EB0280 /* Base */,
			);
			name = LaunchScreen.storyboard;
			sourceTree = "<group>";
		};
/* End PBXVariantGroup section */

/* Begin XCBuildConfiguration section */
		5E2FA864223F053000EB0280 /* Debug */ = {
			isa = XCBuildConfiguration;
			buildSettings = {
				ALWAYS_SEARCH_USER_PATHS = NO;
				CLANG_ANALYZER_NONNULL = YES;
				CLANG_ANALYZER_NUMBER_OBJECT_CONVERSION = YES_AGGRESSIVE;
				CLANG_CXX_LANGUAGE_STANDARD = "gnu++14";
				CLANG_CXX_LIBRARY = "libc++";
				CLANG_ENABLE_MODULES = YES;
				CLANG_ENABLE_OBJC_ARC = YES;
				CLANG_ENABLE_OBJC_WEAK = YES;
				CLANG_WARN_BLOCK_CAPTURE_AUTORELEASING = YES;
				CLANG_WARN_BOOL_CONVERSION = YES;
				CLANG_WARN_COMMA = YES;
				CLANG_WARN_CONSTANT_CONVERSION = YES;
				CLANG_WARN_DEPRECATED_OBJC_IMPLEMENTATIONS = YES;
				CLANG_WARN_DIRECT_OBJC_ISA_USAGE = YES_ERROR;
				CLANG_WARN_DOCUMENTATION_COMMENTS = YES;
				CLANG_WARN_EMPTY_BODY = YES;
				CLANG_WARN_ENUM_CONVERSION = YES;
				CLANG_WARN_INFINITE_RECURSION = YES;
				CLANG_WARN_INT_CONVERSION = YES;
				CLANG_WARN_NON_LITERAL_NULL_CONVERSION = YES;
				CLANG_WARN_OBJC_IMPLICIT_RETAIN_SELF = YES;
				CLANG_WARN_OBJC_LITERAL_CONVERSION = YES;
				CLANG_WARN_OBJC_ROOT_CLASS = YES_ERROR;
				CLANG_WARN_RANGE_LOOP_ANALYSIS = YES;
				CLANG_WARN_STRICT_PROTOTYPES = YES;
				CLANG_WARN_SUSPICIOUS_MOVE = YES;
				CLANG_WARN_UNGUARDED_AVAILABILITY = YES_AGGRESSIVE;
				CLANG_WARN_UNREACHABLE_CODE = YES;
				CLANG_WARN__DUPLICATE_METHOD_MATCH = YES;
				CODE_SIGN_IDENTITY = "iPhone Developer";
				COPY_PHASE_STRIP = NO;
				DEBUG_INFORMATION_FORMAT = dwarf;
				ENABLE_STRICT_OBJC_MSGSEND = YES;
				ENABLE_TESTABILITY = YES;
				GCC_C_LANGUAGE_STANDARD = gnu11;
				GCC_DYNAMIC_NO_PIC = NO;
				GCC_NO_COMMON_BLOCKS = YES;
				GCC_OPTIMIZATION_LEVEL = 0;
				GCC_PREPROCESSOR_DEFINITIONS = (
					"DEBUG=1",
					"$(inherited)",
				);
				GCC_WARN_64_TO_32_BIT_CONVERSION = YES;
				GCC_WARN_ABOUT_RETURN_TYPE = YES_ERROR;
				GCC_WARN_UNDECLARED_SELECTOR = YES;
				GCC_WARN_UNINITIALIZED_AUTOS = YES_AGGRESSIVE;
				GCC_WARN_UNUSED_FUNCTION = YES;
				GCC_WARN_UNUSED_VARIABLE = YES;
				IPHONEOS_DEPLOYMENT_TARGET = 12.1;
				MTL_ENABLE_DEBUG_INFO = INCLUDE_SOURCE;
				MTL_FAST_MATH = YES;
				ONLY_ACTIVE_ARCH = YES;
				SDKROOT = iphoneos;
				SWIFT_ACTIVE_COMPILATION_CONDITIONS = DEBUG;
				SWIFT_OPTIMIZATION_LEVEL = "-Onone";
			};
			name = Debug;
		};
		5E2FA865223F053000EB0280 /* Release */ = {
			isa = XCBuildConfiguration;
			buildSettings = {
				ALWAYS_SEARCH_USER_PATHS = NO;
				CLANG_ANALYZER_NONNULL = YES;
				CLANG_ANALYZER_NUMBER_OBJECT_CONVERSION = YES_AGGRESSIVE;
				CLANG_CXX_LANGUAGE_STANDARD = "gnu++14";
				CLANG_CXX_LIBRARY = "libc++";
				CLANG_ENABLE_MODULES = YES;
				CLANG_ENABLE_OBJC_ARC = YES;
				CLANG_ENABLE_OBJC_WEAK = YES;
				CLANG_WARN_BLOCK_CAPTURE_AUTORELEASING = YES;
				CLANG_WARN_BOOL_CONVERSION = YES;
				CLANG_WARN_COMMA = YES;
				CLANG_WARN_CONSTANT_CONVERSION = YES;
				CLANG_WARN_DEPRECATED_OBJC_IMPLEMENTATIONS = YES;
				CLANG_WARN_DIRECT_OBJC_ISA_USAGE = YES_ERROR;
				CLANG_WARN_DOCUMENTATION_COMMENTS = YES;
				CLANG_WARN_EMPTY_BODY = YES;
				CLANG_WARN_ENUM_CONVERSION = YES;
				CLANG_WARN_INFINITE_RECURSION = YES;
				CLANG_WARN_INT_CONVERSION = YES;
				CLANG_WARN_NON_LITERAL_NULL_CONVERSION = YES;
				CLANG_WARN_OBJC_IMPLICIT_RETAIN_SELF = YES;
				CLANG_WARN_OBJC_LITERAL_CONVERSION = YES;
				CLANG_WARN_OBJC_ROOT_CLASS = YES_ERROR;
				CLANG_WARN_RANGE_LOOP_ANALYSIS = YES;
				CLANG_WARN_STRICT_PROTOTYPES = YES;
				CLANG_WARN_SUSPICIOUS_MOVE = YES;
				CLANG_WARN_UNGUARDED_AVAILABILITY = YES_AGGRESSIVE;
				CLANG_WARN_UNREACHABLE_CODE = YES;
				CLANG_WARN__DUPLICATE_METHOD_MATCH = YES;
				CODE_SIGN_IDENTITY = "iPhone Developer";
				COPY_PHASE_STRIP = NO;
				DEBUG_INFORMATION_FORMAT = "dwarf-with-dsym";
				ENABLE_NS_ASSERTIONS = NO;
				ENABLE_STRICT_OBJC_MSGSEND = YES;
				GCC_C_LANGUAGE_STANDARD = gnu11;
				GCC_NO_COMMON_BLOCKS = YES;
				GCC_WARN_64_TO_32_BIT_CONVERSION = YES;
				GCC_WARN_ABOUT_RETURN_TYPE = YES_ERROR;
				GCC_WARN_UNDECLARED_SELECTOR = YES;
				GCC_WARN_UNINITIALIZED_AUTOS = YES_AGGRESSIVE;
				GCC_WARN_UNUSED_FUNCTION = YES;
				GCC_WARN_UNUSED_VARIABLE = YES;
				IPHONEOS_DEPLOYMENT_TARGET = 12.1;
				MTL_ENABLE_DEBUG_INFO = NO;
				MTL_FAST_MATH = YES;
				SDKROOT = iphoneos;
				SWIFT_COMPILATION_MODE = wholemodule;
				SWIFT_OPTIMIZATION_LEVEL = "-O";
				VALIDATE_PRODUCT = YES;
			};
			name = Release;
		};
		5E2FA867223F053000EB0280 /* Debug */ = {
			isa = XCBuildConfiguration;
			buildSettings = {
				ASSETCATALOG_COMPILER_APPICON_NAME = AppIcon;
				CODE_SIGN_STYLE = Automatic;
				DEVELOPMENT_TEAM = 7LPZU9V2B5;
				INFOPLIST_FILE = "Memory Game/Info.plist";
				LD_RUNPATH_SEARCH_PATHS = (
					"$(inherited)",
					"@executable_path/Frameworks",
				);
				PRODUCT_BUNDLE_IDENTIFIER = "com.jameydavis.Memory-Game";
				PRODUCT_NAME = "$(TARGET_NAME)";
				SWIFT_VERSION = 4.2;
				TARGETED_DEVICE_FAMILY = "1,2";
			};
			name = Debug;
		};
		5E2FA868223F053000EB0280 /* Release */ = {
			isa = XCBuildConfiguration;
			buildSettings = {
				ASSETCATALOG_COMPILER_APPICON_NAME = AppIcon;
				CODE_SIGN_STYLE = Automatic;
				DEVELOPMENT_TEAM = 7LPZU9V2B5;
				INFOPLIST_FILE = "Memory Game/Info.plist";
				LD_RUNPATH_SEARCH_PATHS = (
					"$(inherited)",
					"@executable_path/Frameworks",
				);
				PRODUCT_BUNDLE_IDENTIFIER = "com.jameydavis.Memory-Game";
				PRODUCT_NAME = "$(TARGET_NAME)";
				SWIFT_VERSION = 4.2;
				TARGETED_DEVICE_FAMILY = "1,2";
			};
			name = Release;
		};
/* End XCBuildConfiguration section */

/* Begin XCConfigurationList section */
		5E2FA84F223F052E00EB0280 /* Build configuration list for PBXProject "Memory Game" */ = {
			isa = XCConfigurationList;
			buildConfigurations = (
				5E2FA864223F053000EB0280 /* Debug */,
				5E2FA865223F053000EB0280 /* Release */,
			);
			defaultConfigurationIsVisible = 0;
			defaultConfigurationName = Release;
		};
		5E2FA866223F053000EB0280 /* Build configuration list for PBXNativeTarget "Memory Game" */ = {
			isa = XCConfigurationList;
			buildConfigurations = (
				5E2FA867223F053000EB0280 /* Debug */,
				5E2FA868223F053000EB0280 /* Release */,
			);
			defaultConfigurationIsVisible = 0;
			defaultConfigurationName = Release;
		};
/* End XCConfigurationList section */
	};
	rootObject = 5E2FA84C223F052E00EB0280 /* Project object */;
}
